
Microsoft Visual Studio Solution File, Format Version 11.00
# Visual Studio 2010
Project("{2150E333-8FDC-42A3-9474-1A3956D46DE8}") = "Servers", "Servers", "{00BEC9A3-2D14-422C-8D72-E4182062332E}"
EndProject
Project("{2150E333-8FDC-42A3-9474-1A3956D46DE8}") = "Protocols", "Protocols", "{CEA5D1C7-F6A5-4A00-BD71-1C48D9ED36B6}"
EndProject
Project("{2150E333-8FDC-42A3-9474-1A3956D46DE8}") = "Database", "Database", "{B81CDD5C-AF1F-498C-91B6-0F67E7D215C0}"
EndProject
Project("{2150E333-8FDC-42A3-9474-1A3956D46DE8}") = "World", "World", "{A865E8F3-B63E-4E40-A607-34925C72205A}"
EndProject
Project("{2150E333-8FDC-42A3-9474-1A3956D46DE8}") = "Login", "Login", "{1AEE9D44-BF7F-4DD9-ACDB-F927527A05DB}"
EndProject
Project("{2150E333-8FDC-42A3-9474-1A3956D46DE8}") = "Chat", "Chat", "{6A0BA05E-A134-4585-B5F0-16F47AA51461}"
EndProject
Project("{FAE04EC0-301F-11D3-BF4B-00C04F79EFBC}") = "MSSQL", "Protocols\Database\MSSQL\MSSQL.csproj", "{AF3C0AC7-8161-44D5-9BA6-F7C95E9EC7F6}"
EndProject
Project("{FAE04EC0-301F-11D3-BF4B-00C04F79EFBC}") = "200", "Protocols\Login\na22\200.csproj", "{B4E27015-941B-44A8-AA72-8FB803E3AA9E}"
EndProject
Project("{FAE04EC0-301F-11D3-BF4B-00C04F79EFBC}") = "201", "Protocols\Login\na23\201.csproj", "{B2113B51-4038-434C-AA18-44A3BFED4438}"
EndProject
Project("{FAE04EC0-301F-11D3-BF4B-00C04F79EFBC}") = "ObjectBuddy", "ObjectBuddy\ObjectBuddy.csproj", "{2CDCB1B1-2257-425C-AC79-FB1197DE8F30}"
EndProject
Project("{FAE04EC0-301F-11D3-BF4B-00C04F79EFBC}") = "Channel", "Daemons\Channel\Channel.csproj", "{2A043B73-7755-4D89-ABD8-446E72DC14BC}"
EndProject
Project("{FAE04EC0-301F-11D3-BF4B-00C04F79EFBC}") = "Chat", "Daemons\Chat\Chat.csproj", "{F498BAD6-225E-4964-B91C-100816945E7A}"
EndProject
Project("{FAE04EC0-301F-11D3-BF4B-00C04F79EFBC}") = "Login", "Daemons\Login\Login.csproj", "{08E24C5A-B5A9-47A2-A188-47AC327BA901}"
EndProject
Project("{FAE04EC0-301F-11D3-BF4B-00C04F79EFBC}") = "Remote Console", "Daemons\RemoteConsole\Remote Console.csproj", "{EF1C33E5-39BE-4A6F-ACFF-58A438911D3E}"
EndProject
Project("{FAE04EC0-301F-11D3-BF4B-00C04F79EFBC}") = "200", "Protocols\World\na22\200.csproj", "{348797EC-56D4-497F-B37D-A7FD2A80C310}"
EndProject
Project("{FAE04EC0-301F-11D3-BF4B-00C04F79EFBC}") = "Master", "Daemons\Master\Master.csproj", "{895689F9-005E-46A5-941D-5BF0AA3C61E0}"
EndProject
Project("{FAE04EC0-301F-11D3-BF4B-00C04F79EFBC}") = "200", "Protocols\Chat\na22\200.csproj", "{516AE8C5-3A00-42C6-B48F-C5E210D0E160}"
EndProject
Project("{FAE04EC0-301F-11D3-BF4B-00C04F79EFBC}") = "700", "Protocols\Login\eu1408\700.csproj", "{E875E0C9-3BDC-48EA-89BB-D35277CA3489}"
EndProject
Project("{FAE04EC0-301F-11D3-BF4B-00C04F79EFBC}") = "700", "Protocols\World\eu1408\700.csproj", "{2A6996AB-FF88-4B24-8643-37FE65A1270E}"
EndProject
Global
	GlobalSection(SolutionConfigurationPlatforms) = preSolution
		Debug|x64 = Debug|x64
		Debug|x86 = Debug|x86
		Release|x64 = Release|x64
		Release|x86 = Release|x86
	EndGlobalSection
	GlobalSection(ProjectConfigurationPlatforms) = postSolution
		{AF3C0AC7-8161-44D5-9BA6-F7C95E9EC7F6}.Debug|x64.ActiveCfg = Debug|x64
		{AF3C0AC7-8161-44D5-9BA6-F7C95E9EC7F6}.Debug|x64.Build.0 = Debug|x64
		{AF3C0AC7-8161-44D5-9BA6-F7C95E9EC7F6}.Debug|x86.ActiveCfg = Debug|x86
		{AF3C0AC7-8161-44D5-9BA6-F7C95E9EC7F6}.Debug|x86.Build.0 = Debug|x86
		{AF3C0AC7-8161-44D5-9BA6-F7C95E9EC7F6}.Release|x64.ActiveCfg = Release|x64
		{AF3C0AC7-8161-44D5-9BA6-F7C95E9EC7F6}.Release|x64.Build.0 = Release|x64
		{AF3C0AC7-8161-44D5-9BA6-F7C95E9EC7F6}.Release|x86.ActiveCfg = Release|x86
		{AF3C0AC7-8161-44D5-9BA6-F7C95E9EC7F6}.Release|x86.Build.0 = Release|x86
		{B4E27015-941B-44A8-AA72-8FB803E3AA9E}.Debug|x64.ActiveCfg = Debug|x64
		{B4E27015-941B-44A8-AA72-8FB803E3AA9E}.Debug|x86.ActiveCfg = Debug|x86
		{B4E27015-941B-44A8-AA72-8FB803E3AA9E}.Release|x64.ActiveCfg = Release|x64
		{B4E27015-941B-44A8-AA72-8FB803E3AA9E}.Release|x86.ActiveCfg = Release|x86
		{B2113B51-4038-434C-AA18-44A3BFED4438}.Debug|x64.ActiveCfg = Debug|x64
		{B2113B51-4038-434C-AA18-44A3BFED4438}.Debug|x86.ActiveCfg = Debug|x86
		{B2113B51-4038-434C-AA18-44A3BFED4438}.Release|x64.ActiveCfg = Release|x64
		{B2113B51-4038-434C-AA18-44A3BFED4438}.Release|x86.ActiveCfg = Release|x86
		{2CDCB1B1-2257-425C-AC79-FB1197DE8F30}.Debug|x64.ActiveCfg = Debug|x64
		{2CDCB1B1-2257-425C-AC79-FB1197DE8F30}.Debug|x64.Build.0 = Debug|x64
		{2CDCB1B1-2257-425C-AC79-FB1197DE8F30}.Debug|x86.ActiveCfg = Debug|x86
		{2CDCB1B1-2257-425C-AC79-FB1197DE8F30}.Debug|x86.Build.0 = Debug|x86
		{2CDCB1B1-2257-425C-AC79-FB1197DE8F30}.Release|x64.ActiveCfg = Release|x64
		{2CDCB1B1-2257-425C-AC79-FB1197DE8F30}.Release|x64.Build.0 = Release|x64
		{2CDCB1B1-2257-425C-AC79-FB1197DE8F30}.Release|x86.ActiveCfg = Release|x86
		{2CDCB1B1-2257-425C-AC79-FB1197DE8F30}.Release|x86.Build.0 = Release|x86
		{2A043B73-7755-4D89-ABD8-446E72DC14BC}.Debug|x64.ActiveCfg = Debug|x64
		{2A043B73-7755-4D89-ABD8-446E72DC14BC}.Debug|x64.Build.0 = Debug|x64
		{2A043B73-7755-4D89-ABD8-446E72DC14BC}.Debug|x86.ActiveCfg = Debug|x86
		{2A043B73-7755-4D89-ABD8-446E72DC14BC}.Debug|x86.Build.0 = Debug|x86
		{2A043B73-7755-4D89-ABD8-446E72DC14BC}.Release|x64.ActiveCfg = Release|x64
		{2A043B73-7755-4D89-ABD8-446E72DC14BC}.Release|x64.Build.0 = Release|x64
		{2A043B73-7755-4D89-ABD8-446E72DC14BC}.Release|x86.ActiveCfg = Release|x86
		{2A043B73-7755-4D89-ABD8-446E72DC14BC}.Release|x86.Build.0 = Release|x86
		{F498BAD6-225E-4964-B91C-100816945E7A}.Debug|x64.ActiveCfg = Debug|x64
		{F498BAD6-225E-4964-B91C-100816945E7A}.Debug|x86.ActiveCfg = Debug|x86
		{F498BAD6-225E-4964-B91C-100816945E7A}.Release|x64.ActiveCfg = Release|x64
		{F498BAD6-225E-4964-B91C-100816945E7A}.Release|x86.ActiveCfg = Release|x86
		{08E24C5A-B5A9-47A2-A188-47AC327BA901}.Debug|x64.ActiveCfg = Debug|x64
		{08E24C5A-B5A9-47A2-A188-47AC327BA901}.Debug|x64.Build.0 = Debug|x64
		{08E24C5A-B5A9-47A2-A188-47AC327BA901}.Debug|x86.ActiveCfg = Debug|x86
		{08E24C5A-B5A9-47A2-A188-47AC327BA901}.Debug|x86.Build.0 = Debug|x86
		{08E24C5A-B5A9-47A2-A188-47AC327BA901}.Release|x64.ActiveCfg = Release|x64
		{08E24C5A-B5A9-47A2-A188-47AC327BA901}.Release|x64.Build.0 = Release|x64
		{08E24C5A-B5A9-47A2-A188-47AC327BA901}.Release|x86.ActiveCfg = Release|x86
		{08E24C5A-B5A9-47A2-A188-47AC327BA901}.Release|x86.Build.0 = Release|x86
		{EF1C33E5-39BE-4A6F-ACFF-58A438911D3E}.Debug|x64.ActiveCfg = Debug|x64
		{EF1C33E5-39BE-4A6F-ACFF-58A438911D3E}.Debug|x86.ActiveCfg = Debug|x86
		{EF1C33E5-39BE-4A6F-ACFF-58A438911D3E}.Release|x64.ActiveCfg = Release|x64
		{EF1C33E5-39BE-4A6F-ACFF-58A438911D3E}.Release|x86.ActiveCfg = Release|x86
		{348797EC-56D4-497F-B37D-A7FD2A80C310}.Debug|x64.ActiveCfg = Debug|x64
		{348797EC-56D4-497F-B37D-A7FD2A80C310}.Debug|x86.ActiveCfg = Debug|x86
		{348797EC-56D4-497F-B37D-A7FD2A80C310}.Release|x64.ActiveCfg = Release|x64
		{348797EC-56D4-497F-B37D-A7FD2A80C310}.Release|x86.ActiveCfg = Release|x86
		{895689F9-005E-46A5-941D-5BF0AA3C61E0}.Debug|x64.ActiveCfg = Debug|x64
		{895689F9-005E-46A5-941D-5BF0AA3C61E0}.Debug|x64.Build.0 = Debug|x64
		{895689F9-005E-46A5-941D-5BF0AA3C61E0}.Debug|x86.ActiveCfg = Debug|x86
		{895689F9-005E-46A5-941D-5BF0AA3C61E0}.Debug|x86.Build.0 = Debug|x86
		{895689F9-005E-46A5-941D-5BF0AA3C61E0}.Release|x64.ActiveCfg = Release|x64
		{895689F9-005E-46A5-941D-5BF0AA3C61E0}.Release|x64.Build.0 = Release|x64
		{895689F9-005E-46A5-941D-5BF0AA3C61E0}.Release|x86.ActiveCfg = Release|x86
		{895689F9-005E-46A5-941D-5BF0AA3C61E0}.Release|x86.Build.0 = Release|x86
		{516AE8C5-3A00-42C6-B48F-C5E210D0E160}.Debug|x64.ActiveCfg = Debug|x64
		{516AE8C5-3A00-42C6-B48F-C5E210D0E160}.Debug|x86.ActiveCfg = Debug|x86
		{516AE8C5-3A00-42C6-B48F-C5E210D0E160}.Release|x64.ActiveCfg = Release|x64
		{516AE8C5-3A00-42C6-B48F-C5E210D0E160}.Release|x86.ActiveCfg = Release|x86
		{E875E0C9-3BDC-48EA-89BB-D35277CA3489}.Debug|x64.ActiveCfg = Debug|x64
		{E875E0C9-3BDC-48EA-89BB-D35277CA3489}.Debug|x64.Build.0 = Debug|x64
		{E875E0C9-3BDC-48EA-89BB-D35277CA3489}.Debug|x86.ActiveCfg = Debug|x86
		{E875E0C9-3BDC-48EA-89BB-D35277CA3489}.Debug|x86.Build.0 = Debug|x86
		{E875E0C9-3BDC-48EA-89BB-D35277CA3489}.Release|x64.ActiveCfg = Release|x64
		{E875E0C9-3BDC-48EA-89BB-D35277CA3489}.Release|x64.Build.0 = Release|x64
		{E875E0C9-3BDC-48EA-89BB-D35277CA3489}.Release|x86.ActiveCfg = Release|x86
		{E875E0C9-3BDC-48EA-89BB-D35277CA3489}.Release|x86.Build.0 = Release|x86
		{2A6996AB-FF88-4B24-8643-37FE65A1270E}.Debug|x64.ActiveCfg = Debug|x64
		{2A6996AB-FF88-4B24-8643-37FE65A1270E}.Debug|x64.Build.0 = Debug|x64
		{2A6996AB-FF88-4B24-8643-37FE65A1270E}.Debug|x86.ActiveCfg = Debug|x86
		{2A6996AB-FF88-4B24-8643-37FE65A1270E}.Debug|x86.Build.0 = Debug|x86
		{2A6996AB-FF88-4B24-8643-37FE65A1270E}.Release|x64.ActiveCfg = Release|x64
		{2A6996AB-FF88-4B24-8643-37FE65A1270E}.Release|x64.Build.0 = Release|x64
		{2A6996AB-FF88-4B24-8643-37FE65A1270E}.Release|x86.ActiveCfg = Release|x86
		{2A6996AB-FF88-4B24-8643-37FE65A1270E}.Release|x86.Build.0 = Release|x86
	EndGlobalSection
	GlobalSection(SolutionProperties) = preSolution
		HideSolutionNode = FALSE
	EndGlobalSection
	GlobalSection(NestedProjects) = preSolution
		{2A043B73-7755-4D89-ABD8-446E72DC14BC} = {00BEC9A3-2D14-422C-8D72-E4182062332E}
		{F498BAD6-225E-4964-B91C-100816945E7A} = {00BEC9A3-2D14-422C-8D72-E4182062332E}
		{08E24C5A-B5A9-47A2-A188-47AC327BA901} = {00BEC9A3-2D14-422C-8D72-E4182062332E}
		{EF1C33E5-39BE-4A6F-ACFF-58A438911D3E} = {00BEC9A3-2D14-422C-8D72-E4182062332E}
		{895689F9-005E-46A5-941D-5BF0AA3C61E0} = {00BEC9A3-2D14-422C-8D72-E4182062332E}
		{B81CDD5C-AF1F-498C-91B6-0F67E7D215C0} = {CEA5D1C7-F6A5-4A00-BD71-1C48D9ED36B6}
		{A865E8F3-B63E-4E40-A607-34925C72205A} = {CEA5D1C7-F6A5-4A00-BD71-1C48D9ED36B6}
		{1AEE9D44-BF7F-4DD9-ACDB-F927527A05DB} = {CEA5D1C7-F6A5-4A00-BD71-1C48D9ED36B6}
		{6A0BA05E-A134-4585-B5F0-16F47AA51461} = {CEA5D1C7-F6A5-4A00-BD71-1C48D9ED36B6}
		{AF3C0AC7-8161-44D5-9BA6-F7C95E9EC7F6} = {B81CDD5C-AF1F-498C-91B6-0F67E7D215C0}
		{348797EC-56D4-497F-B37D-A7FD2A80C310} = {A865E8F3-B63E-4E40-A607-34925C72205A}
		{2A6996AB-FF88-4B24-8643-37FE65A1270E} = {A865E8F3-B63E-4E40-A607-34925C72205A}
		{B4E27015-941B-44A8-AA72-8FB803E3AA9E} = {1AEE9D44-BF7F-4DD9-ACDB-F927527A05DB}
		{B2113B51-4038-434C-AA18-44A3BFED4438} = {1AEE9D44-BF7F-4DD9-ACDB-F927527A05DB}
		{E875E0C9-3BDC-48EA-89BB-D35277CA3489} = {1AEE9D44-BF7F-4DD9-ACDB-F927527A05DB}
		{516AE8C5-3A00-42C6-B48F-C5E210D0E160} = {6A0BA05E-A134-4585-B5F0-16F47AA51461}
	EndGlobalSection
EndGlobal
