
Microsoft Visual Studio Solution File, Format Version 11.00
# Visual Studio 2010
Project("{FAE04EC0-301F-11D3-BF4B-00C04F79EFBC}") = "DumpSQL", "DumpSQL\DumpSQL.csproj", "{A401F933-572D-406B-AAC3-3CE416AA62FF}"
EndProject
Global
	GlobalSection(SolutionConfigurationPlatforms) = preSolution
		Debug|Any CPU = Debug|Any CPU
		Release|Any CPU = Release|Any CPU
	EndGlobalSection
	GlobalSection(ProjectConfigurationPlatforms) = postSolution
		{A401F933-572D-406B-AAC3-3CE416AA62FF}.Debug|Any CPU.ActiveCfg = Debug|Any CPU
		{A401F933-572D-406B-AAC3-3CE416AA62FF}.Debug|Any CPU.Build.0 = Debug|Any CPU
		{A401F933-572D-406B-AAC3-3CE416AA62FF}.Release|Any CPU.ActiveCfg = Release|Any CPU
		{A401F933-572D-406B-AAC3-3CE416AA62FF}.Release|Any CPU.Build.0 = Release|Any CPU
	EndGlobalSection
	GlobalSection(SolutionProperties) = preSolution
		HideSolutionNode = FALSE
	EndGlobalSection
EndGlobal
